
Microsoft Visual Studio Solution File, Format Version 12.00
# Visual Studio Version 16
VisualStudioVersion = 16.0.29519.181
MinimumVisualStudioVersion = 10.0.40219.1
Project("{FAE04EC0-301F-11D3-BF4B-00C04F79EFBC}") = "HW4 Analyzing Monopoly", "HW4 Analyzing Monopoly\HW4 Analyzing Monopoly.csproj", "{16C80FA4-50D4-405C-BD7B-F19201D79867}"
EndProject
Global
	GlobalSection(SolutionConfigurationPlatforms) = preSolution
		Debug|Any CPU = Debug|Any CPU
		Release|Any CPU = Release|Any CPU
	EndGlobalSection
	GlobalSection(ProjectConfigurationPlatforms) = postSolution
		{16C80FA4-50D4-405C-BD7B-F19201D79867}.Debug|Any CPU.ActiveCfg = Debug|Any CPU
		{16C80FA4-50D4-405C-BD7B-F19201D79867}.Debug|Any CPU.Build.0 = Debug|Any CPU
		{16C80FA4-50D4-405C-BD7B-F19201D79867}.Release|Any CPU.ActiveCfg = Release|Any CPU
		{16C80FA4-50D4-405C-BD7B-F19201D79867}.Release|Any CPU.Build.0 = Release|Any CPU
	EndGlobalSection
	GlobalSection(SolutionProperties) = preSolution
		HideSolutionNode = FALSE
	EndGlobalSection
	GlobalSection(ExtensibilityGlobals) = postSolution
		SolutionGuid = {CFF9D6AF-5EFD-4D24-9285-E22ECF3D9049}
	EndGlobalSection
EndGlobal
