
Microsoft Visual Studio Solution File, Format Version 12.00
# Visual Studio Version 16
VisualStudioVersion = 16.0.29519.181
MinimumVisualStudioVersion = 10.0.40219.1
Project("{FAE04EC0-301F-11D3-BF4B-00C04F79EFBC}") = "Random PE", "Random PE\Random PE.csproj", "{2A9CC1A2-DE3D-4676-9FAD-FB6831588309}"
EndProject
Global
	GlobalSection(SolutionConfigurationPlatforms) = preSolution
		Debug|Any CPU = Debug|Any CPU
		Release|Any CPU = Release|Any CPU
	EndGlobalSection
	GlobalSection(ProjectConfigurationPlatforms) = postSolution
		{2A9CC1A2-DE3D-4676-9FAD-FB6831588309}.Debug|Any CPU.ActiveCfg = Debug|Any CPU
		{2A9CC1A2-DE3D-4676-9FAD-FB6831588309}.Debug|Any CPU.Build.0 = Debug|Any CPU
		{2A9CC1A2-DE3D-4676-9FAD-FB6831588309}.Release|Any CPU.ActiveCfg = Release|Any CPU
		{2A9CC1A2-DE3D-4676-9FAD-FB6831588309}.Release|Any CPU.Build.0 = Release|Any CPU
	EndGlobalSection
	GlobalSection(SolutionProperties) = preSolution
		HideSolutionNode = FALSE
	EndGlobalSection
	GlobalSection(ExtensibilityGlobals) = postSolution
		SolutionGuid = {61C87C5A-B8B9-4A27-AA18-E8679867D9B0}
	EndGlobalSection
EndGlobal
