
Microsoft Visual Studio Solution File, Format Version 12.00
# Visual Studio Version 16
VisualStudioVersion = 16.0.29609.76
MinimumVisualStudioVersion = 10.0.40219.1
Project("{FAE04EC0-301F-11D3-BF4B-00C04F79EFBC}") = "If Statements", "If Statements\If Statements.csproj", "{87BAED20-BDB1-48F9-B92E-C61467B1CCF1}"
EndProject
Global
	GlobalSection(SolutionConfigurationPlatforms) = preSolution
		Debug|Any CPU = Debug|Any CPU
		Release|Any CPU = Release|Any CPU
	EndGlobalSection
	GlobalSection(ProjectConfigurationPlatforms) = postSolution
		{87BAED20-BDB1-48F9-B92E-C61467B1CCF1}.Debug|Any CPU.ActiveCfg = Debug|Any CPU
		{87BAED20-BDB1-48F9-B92E-C61467B1CCF1}.Debug|Any CPU.Build.0 = Debug|Any CPU
		{87BAED20-BDB1-48F9-B92E-C61467B1CCF1}.Release|Any CPU.ActiveCfg = Release|Any CPU
		{87BAED20-BDB1-48F9-B92E-C61467B1CCF1}.Release|Any CPU.Build.0 = Release|Any CPU
	EndGlobalSection
	GlobalSection(SolutionProperties) = preSolution
		HideSolutionNode = FALSE
	EndGlobalSection
	GlobalSection(ExtensibilityGlobals) = postSolution
		SolutionGuid = {FFC91B7C-E544-4E7E-A989-487FDB7C81B6}
	EndGlobalSection
EndGlobal
