
Microsoft Visual Studio Solution File, Format Version 12.00
# Visual Studio Version 16
VisualStudioVersion = 16.0.29306.81
MinimumVisualStudioVersion = 10.0.40219.1
Project("{FAE04EC0-301F-11D3-BF4B-00C04F79EFBC}") = "CLI Assignment", "CLI Assignment\CLI Assignment.csproj", "{532DCF35-8E8E-4BCF-B32E-FF67F641BE4E}"
EndProject
Global
	GlobalSection(SolutionConfigurationPlatforms) = preSolution
		Debug|Any CPU = Debug|Any CPU
		Release|Any CPU = Release|Any CPU
	EndGlobalSection
	GlobalSection(ProjectConfigurationPlatforms) = postSolution
		{532DCF35-8E8E-4BCF-B32E-FF67F641BE4E}.Debug|Any CPU.ActiveCfg = Debug|Any CPU
		{532DCF35-8E8E-4BCF-B32E-FF67F641BE4E}.Debug|Any CPU.Build.0 = Debug|Any CPU
		{532DCF35-8E8E-4BCF-B32E-FF67F641BE4E}.Release|Any CPU.ActiveCfg = Release|Any CPU
		{532DCF35-8E8E-4BCF-B32E-FF67F641BE4E}.Release|Any CPU.Build.0 = Release|Any CPU
	EndGlobalSection
	GlobalSection(SolutionProperties) = preSolution
		HideSolutionNode = FALSE
	EndGlobalSection
	GlobalSection(ExtensibilityGlobals) = postSolution
		SolutionGuid = {B66D4872-82D5-4969-AF99-3AB87F051CE4}
	EndGlobalSection
EndGlobal
