
Microsoft Visual Studio Solution File, Format Version 12.00
# Visual Studio Version 16
VisualStudioVersion = 16.0.29609.76
MinimumVisualStudioVersion = 10.0.40219.1
Project("{FAE04EC0-301F-11D3-BF4B-00C04F79EFBC}") = "Statements n Expressions", "Statements n Expressions\Statements n Expressions.csproj", "{1AD48EA9-6674-4A04-9146-A5853364D110}"
EndProject
Global
	GlobalSection(SolutionConfigurationPlatforms) = preSolution
		Debug|Any CPU = Debug|Any CPU
		Release|Any CPU = Release|Any CPU
	EndGlobalSection
	GlobalSection(ProjectConfigurationPlatforms) = postSolution
		{1AD48EA9-6674-4A04-9146-A5853364D110}.Debug|Any CPU.ActiveCfg = Debug|Any CPU
		{1AD48EA9-6674-4A04-9146-A5853364D110}.Debug|Any CPU.Build.0 = Debug|Any CPU
		{1AD48EA9-6674-4A04-9146-A5853364D110}.Release|Any CPU.ActiveCfg = Release|Any CPU
		{1AD48EA9-6674-4A04-9146-A5853364D110}.Release|Any CPU.Build.0 = Release|Any CPU
	EndGlobalSection
	GlobalSection(SolutionProperties) = preSolution
		HideSolutionNode = FALSE
	EndGlobalSection
	GlobalSection(ExtensibilityGlobals) = postSolution
		SolutionGuid = {01D74EEF-C829-4B8D-B81E-9CC8B6FE5B2E}
	EndGlobalSection
EndGlobal
