
Microsoft Visual Studio Solution File, Format Version 12.00
# Visual Studio Version 16
VisualStudioVersion = 16.0.29306.81
MinimumVisualStudioVersion = 10.0.40219.1
Project("{FAE04EC0-301F-11D3-BF4B-00C04F79EFBC}") = "Classes Fields n Methods", "Classes Fields n Methods\Classes Fields n Methods.csproj", "{FFCDD1D8-8AAF-4752-89B9-596786AFAD6A}"
EndProject
Global
	GlobalSection(SolutionConfigurationPlatforms) = preSolution
		Debug|Any CPU = Debug|Any CPU
		Release|Any CPU = Release|Any CPU
	EndGlobalSection
	GlobalSection(ProjectConfigurationPlatforms) = postSolution
		{FFCDD1D8-8AAF-4752-89B9-596786AFAD6A}.Debug|Any CPU.ActiveCfg = Debug|Any CPU
		{FFCDD1D8-8AAF-4752-89B9-596786AFAD6A}.Debug|Any CPU.Build.0 = Debug|Any CPU
		{FFCDD1D8-8AAF-4752-89B9-596786AFAD6A}.Release|Any CPU.ActiveCfg = Release|Any CPU
		{FFCDD1D8-8AAF-4752-89B9-596786AFAD6A}.Release|Any CPU.Build.0 = Release|Any CPU
	EndGlobalSection
	GlobalSection(SolutionProperties) = preSolution
		HideSolutionNode = FALSE
	EndGlobalSection
	GlobalSection(ExtensibilityGlobals) = postSolution
		SolutionGuid = {C10B85EB-AE34-4F73-8D99-B93A8EE9AF64}
	EndGlobalSection
EndGlobal
