
Microsoft Visual Studio Solution File, Format Version 12.00
# Visual Studio Version 16
VisualStudioVersion = 16.0.29306.81
MinimumVisualStudioVersion = 10.0.40219.1
Project("{FAE04EC0-301F-11D3-BF4B-00C04F79EFBC}") = "Polymorphism", "Polymorphism\Polymorphism.csproj", "{2845F47A-FD8A-4EC6-835B-2EC26154ED99}"
EndProject
Global
	GlobalSection(SolutionConfigurationPlatforms) = preSolution
		Debug|Any CPU = Debug|Any CPU
		Release|Any CPU = Release|Any CPU
	EndGlobalSection
	GlobalSection(ProjectConfigurationPlatforms) = postSolution
		{2845F47A-FD8A-4EC6-835B-2EC26154ED99}.Debug|Any CPU.ActiveCfg = Debug|Any CPU
		{2845F47A-FD8A-4EC6-835B-2EC26154ED99}.Debug|Any CPU.Build.0 = Debug|Any CPU
		{2845F47A-FD8A-4EC6-835B-2EC26154ED99}.Release|Any CPU.ActiveCfg = Release|Any CPU
		{2845F47A-FD8A-4EC6-835B-2EC26154ED99}.Release|Any CPU.Build.0 = Release|Any CPU
	EndGlobalSection
	GlobalSection(SolutionProperties) = preSolution
		HideSolutionNode = FALSE
	EndGlobalSection
	GlobalSection(ExtensibilityGlobals) = postSolution
		SolutionGuid = {F3D5631F-481B-4910-A5EB-43727152696E}
	EndGlobalSection
EndGlobal
