
Microsoft Visual Studio Solution File, Format Version 12.00
# Visual Studio Version 16
VisualStudioVersion = 16.0.29519.181
MinimumVisualStudioVersion = 10.0.40219.1
Project("{FAE04EC0-301F-11D3-BF4B-00C04F79EFBC}") = "HW2_Golf", "HW2_Golf\HW2_Golf.csproj", "{27010D6B-1CB7-4743-972A-4EA792931EBB}"
EndProject
Global
	GlobalSection(SolutionConfigurationPlatforms) = preSolution
		Debug|Any CPU = Debug|Any CPU
		Release|Any CPU = Release|Any CPU
	EndGlobalSection
	GlobalSection(ProjectConfigurationPlatforms) = postSolution
		{27010D6B-1CB7-4743-972A-4EA792931EBB}.Debug|Any CPU.ActiveCfg = Debug|Any CPU
		{27010D6B-1CB7-4743-972A-4EA792931EBB}.Debug|Any CPU.Build.0 = Debug|Any CPU
		{27010D6B-1CB7-4743-972A-4EA792931EBB}.Release|Any CPU.ActiveCfg = Release|Any CPU
		{27010D6B-1CB7-4743-972A-4EA792931EBB}.Release|Any CPU.Build.0 = Release|Any CPU
	EndGlobalSection
	GlobalSection(SolutionProperties) = preSolution
		HideSolutionNode = FALSE
	EndGlobalSection
	GlobalSection(ExtensibilityGlobals) = postSolution
		SolutionGuid = {5ABA0F7F-6468-4062-81EE-CB0BE28F3F0F}
	EndGlobalSection
EndGlobal
