
Microsoft Visual Studio Solution File, Format Version 12.00
# Visual Studio Version 16
VisualStudioVersion = 16.0.29609.76
MinimumVisualStudioVersion = 10.0.40219.1
Project("{FAE04EC0-301F-11D3-BF4B-00C04F79EFBC}") = "Constructors n Return Statements", "Constructors n Return Statements\Constructors n Return Statements.csproj", "{CC6A5AD9-883C-4219-907B-186B3BACD4A9}"
EndProject
Global
	GlobalSection(SolutionConfigurationPlatforms) = preSolution
		Debug|Any CPU = Debug|Any CPU
		Release|Any CPU = Release|Any CPU
	EndGlobalSection
	GlobalSection(ProjectConfigurationPlatforms) = postSolution
		{CC6A5AD9-883C-4219-907B-186B3BACD4A9}.Debug|Any CPU.ActiveCfg = Debug|Any CPU
		{CC6A5AD9-883C-4219-907B-186B3BACD4A9}.Debug|Any CPU.Build.0 = Debug|Any CPU
		{CC6A5AD9-883C-4219-907B-186B3BACD4A9}.Release|Any CPU.ActiveCfg = Release|Any CPU
		{CC6A5AD9-883C-4219-907B-186B3BACD4A9}.Release|Any CPU.Build.0 = Release|Any CPU
	EndGlobalSection
	GlobalSection(SolutionProperties) = preSolution
		HideSolutionNode = FALSE
	EndGlobalSection
	GlobalSection(ExtensibilityGlobals) = postSolution
		SolutionGuid = {FE6B3F30-31B4-4780-96EA-6C613BA7CDAA}
	EndGlobalSection
EndGlobal
